
Microsoft Visual Studio Solution File, Format Version 12.00
# Visual Studio 2012
Project("{FAE04EC0-301F-11D3-BF4B-00C04F79EFBC}") = "BSBChecker", "BSBChecker\BSBChecker.csproj", "{2772F2C6-0D02-47B8-A77C-29EA777F8C9D}"
EndProject
Project("{2150E333-8FDC-42A3-9474-1A3956D46DE8}") = ".nuget", ".nuget", "{3643B01B-0675-44DA-BB8C-434058C0AB93}"
	ProjectSection(SolutionItems) = preProject
		.nuget\NuGet.Config = .nuget\NuGet.Config
		.nuget\NuGet.exe = .nuget\NuGet.exe
		.nuget\NuGet.targets = .nuget\NuGet.targets
	EndProjectSection
EndProject
Global
	GlobalSection(SolutionConfigurationPlatforms) = preSolution
		Debug|Any CPU = Debug|Any CPU
		Release|Any CPU = Release|Any CPU
	EndGlobalSection
	GlobalSection(ProjectConfigurationPlatforms) = postSolution
		{2772F2C6-0D02-47B8-A77C-29EA777F8C9D}.Debug|Any CPU.ActiveCfg = Debug|Any CPU
		{2772F2C6-0D02-47B8-A77C-29EA777F8C9D}.Debug|Any CPU.Build.0 = Debug|Any CPU
		{2772F2C6-0D02-47B8-A77C-29EA777F8C9D}.Release|Any CPU.ActiveCfg = Release|Any CPU
		{2772F2C6-0D02-47B8-A77C-29EA777F8C9D}.Release|Any CPU.Build.0 = Release|Any CPU
	EndGlobalSection
	GlobalSection(SolutionProperties) = preSolution
		HideSolutionNode = FALSE
	EndGlobalSection
EndGlobal
